// !$*UTF8*$!
{
	archiveVersion = 1;
	classes = {
	};
	objectVersion = 46;
	objects = {

/* Begin PBXBuildFile section */
		E91FB3531C5B050F005C7781 /* main.m in Sources */ = {isa = PBXBuildFile; fileRef = E91FB3521C5B050F005C7781 /* main.m */; };
		E91FB3561C5B050F005C7781 /* AppDelegate.m in Sources */ = {isa = PBXBuildFile; fileRef = E91FB3551C5B050F005C7781 /* AppDelegate.m */; };
		E91FB3591C5B050F005C7781 /* ViewController.m in Sources */ = {isa = PBXBuildFile; fileRef = E91FB3581C5B050F005C7781 /* ViewController.m */; };
		E91FB35C1C5B050F005C7781 /* Main.storyboard in Resources */ = {isa = PBXBuildFile; fileRef = E91FB35A1C5B050F005C7781 /* Main.storyboard */; };
		E91FB35E1C5B050F005C7781 /* Assets.xcassets in Resources */ = {isa = PBXBuildFile; fileRef = E91FB35D1C5B050F005C7781 /* Assets.xcassets */; };
		E91FB3611C5B050F005C7781 /* LaunchScreen.storyboard in Resources */ = {isa = PBXBuildFile; fileRef = E91FB35F1C5B050F005C7781 /* LaunchScreen.storyboard */; };
		E91FB36F1C5B0542005C7781 /* OJAAsset.m in Sources */ = {isa = PBXBuildFile; fileRef = E91FB36A1C5B0542005C7781 /* OJAAsset.m */; };
		E91FB3701C5B0542005C7781 /* OJAAssetsGroup.m in Sources */ = {isa = PBXBuildFile; fileRef = E91FB36C1C5B0542005C7781 /* OJAAssetsGroup.m */; };
		E91FB3711C5B0542005C7781 /* OJAPhotosLibrary.m in Sources */ = {isa = PBXBuildFile; fileRef = E91FB36E1C5B0542005C7781 /* OJAPhotosLibrary.m */; };
		E91FB3751C5B07B5005C7781 /* UIImage+OJAAsset.m in Sources */ = {isa = PBXBuildFile; fileRef = E91FB3741C5B07B5005C7781 /* UIImage+OJAAsset.m */; };
/* End PBXBuildFile section */

/* Begin PBXFileReference section */
		E91FB34E1C5B050F005C7781 /* OJAAssetDemo.app */ = {isa = PBXFileReference; explicitFileType = wrapper.application; includeInIndex = 0; path = OJAAssetDemo.app; sourceTree = BUILT_PRODUCTS_DIR; };
		E91FB3521C5B050F005C7781 /* main.m */ = {isa = PBXFileReference; lastKnownFileType = sourcecode.c.objc; path = main.m; sourceTree = "<group>"; };
		E91FB3541C5B050F005C7781 /* AppDelegate.h */ = {isa = PBXFileReference; lastKnownFileType = sourcecode.c.h; path = AppDelegate.h; sourceTree = "<group>"; };
		E91FB3551C5B050F005C7781 /* AppDelegate.m */ = {isa = PBXFileReference; lastKnownFileType = sourcecode.c.objc; path = AppDelegate.m; sourceTree = "<group>"; };
		E91FB3571C5B050F005C7781 /* ViewController.h */ = {isa = PBXFileReference; lastKnownFileType = sourcecode.c.h; path = ViewController.h; sourceTree = "<group>"; };
		E91FB3581C5B050F005C7781 /* ViewController.m */ = {isa = PBXFileReference; lastKnownFileType = sourcecode.c.objc; path = ViewController.m; sourceTree = "<group>"; };
		E91FB35B1C5B050F005C7781 /* Base */ = {isa = PBXFileReference; lastKnownFileType = file.storyboard; name = Base; path = Base.lproj/Main.storyboard; sourceTree = "<group>"; };
		E91FB35D1C5B050F005C7781 /* Assets.xcassets */ = {isa = PBXFileReference; lastKnownFileType = folder.assetcatalog; path = Assets.xcassets; sourceTree = "<group>"; };
		E91FB3601C5B050F005C7781 /* Base */ = {isa = PBXFileReference; lastKnownFileType = file.storyboard; name = Base; path = Base.lproj/LaunchScreen.storyboard; sourceTree = "<group>"; };
		E91FB3621C5B050F005C7781 /* Info.plist */ = {isa = PBXFileReference; lastKnownFileType = text.plist.xml; path = Info.plist; sourceTree = "<group>"; };
		E91FB3691C5B0542005C7781 /* OJAAsset.h */ = {isa = PBXFileReference; fileEncoding = 4; lastKnownFileType = sourcecode.c.h; path = OJAAsset.h; sourceTree = "<group>"; };
		E91FB36A1C5B0542005C7781 /* OJAAsset.m */ = {isa = PBXFileReference; fileEncoding = 4; lastKnownFileType = sourcecode.c.objc; path = OJAAsset.m; sourceTree = "<group>"; };
		E91FB36B1C5B0542005C7781 /* OJAAssetsGroup.h */ = {isa = PBXFileReference; fileEncoding = 4; lastKnownFileType = sourcecode.c.h; path = OJAAssetsGroup.h; sourceTree = "<group>"; };
		E91FB36C1C5B0542005C7781 /* OJAAssetsGroup.m */ = {isa = PBXFileReference; fileEncoding = 4; lastKnownFileType = sourcecode.c.objc; path = OJAAssetsGroup.m; sourceTree = "<group>"; };
		E91FB36D1C5B0542005C7781 /* OJAPhotosLibrary.h */ = {isa = PBXFileReference; fileEncoding = 4; lastKnownFileType = sourcecode.c.h; path = OJAPhotosLibrary.h; sourceTree = "<group>"; };
		E91FB36E1C5B0542005C7781 /* OJAPhotosLibrary.m */ = {isa = PBXFileReference; fileEncoding = 4; lastKnownFileType = sourcecode.c.objc; path = OJAPhotosLibrary.m; sourceTree = "<group>"; };
		E91FB3721C5B06BA005C7781 /* OJAAssetHeader.h */ = {isa = PBXFileReference; lastKnownFileType = sourcecode.c.h; path = OJAAssetHeader.h; sourceTree = "<group>"; };
		E91FB3731C5B07B5005C7781 /* UIImage+OJAAsset.h */ = {isa = PBXFileReference; fileEncoding = 4; lastKnownFileType = sourcecode.c.h; path = "UIImage+OJAAsset.h"; sourceTree = "<group>"; };
		E91FB3741C5B07B5005C7781 /* UIImage+OJAAsset.m */ = {isa = PBXFileReference; fileEncoding = 4; lastKnownFileType = sourcecode.c.objc; path = "UIImage+OJAAsset.m"; sourceTree = "<group>"; };
/* End PBXFileReference section */

/* Begin PBXFrameworksBuildPhase section */
		E91FB34B1C5B050F005C7781 /* Frameworks */ = {
			isa = PBXFrameworksBuildPhase;
			buildActionMask = 2147483647;
			files = (
			);
			runOnlyForDeploymentPostprocessing = 0;
		};
/* End PBXFrameworksBuildPhase section */

/* Begin PBXGroup section */
		E91FB3451C5B050F005C7781 = {
			isa = PBXGroup;
			children = (
				E91FB3681C5B0542005C7781 /* OJAAsset */,
				E91FB3501C5B050F005C7781 /* OJAAssetDemo */,
				E91FB34F1C5B050F005C7781 /* Products */,
			);
			sourceTree = "<group>";
		};
		E91FB34F1C5B050F005C7781 /* Products */ = {
			isa = PBXGroup;
			children = (
				E91FB34E1C5B050F005C7781 /* OJAAssetDemo.app */,
			);
			name = Products;
			sourceTree = "<group>";
		};
		E91FB3501C5B050F005C7781 /* OJAAssetDemo */ = {
			isa = PBXGroup;
			children = (
				E91FB3541C5B050F005C7781 /* AppDelegate.h */,
				E91FB3551C5B050F005C7781 /* AppDelegate.m */,
				E91FB3571C5B050F005C7781 /* ViewController.h */,
				E91FB3581C5B050F005C7781 /* ViewController.m */,
				E91FB35A1C5B050F005C7781 /* Main.storyboard */,
				E91FB35D1C5B050F005C7781 /* Assets.xcassets */,
				E91FB35F1C5B050F005C7781 /* LaunchScreen.storyboard */,
				E91FB3621C5B050F005C7781 /* Info.plist */,
				E91FB3511C5B050F005C7781 /* Supporting Files */,
			);
			path = OJAAssetDemo;
			sourceTree = "<group>";
		};
		E91FB3511C5B050F005C7781 /* Supporting Files */ = {
			isa = PBXGroup;
			children = (
				E91FB3521C5B050F005C7781 /* main.m */,
			);
			name = "Supporting Files";
			sourceTree = "<group>";
		};
		E91FB3681C5B0542005C7781 /* OJAAsset */ = {
			isa = PBXGroup;
			children = (
				E91FB3691C5B0542005C7781 /* OJAAsset.h */,
				E91FB36A1C5B0542005C7781 /* OJAAsset.m */,
				E91FB36B1C5B0542005C7781 /* OJAAssetsGroup.h */,
				E91FB36C1C5B0542005C7781 /* OJAAssetsGroup.m */,
				E91FB36D1C5B0542005C7781 /* OJAPhotosLibrary.h */,
				E91FB36E1C5B0542005C7781 /* OJAPhotosLibrary.m */,
				E91FB3731C5B07B5005C7781 /* UIImage+OJAAsset.h */,
				E91FB3741C5B07B5005C7781 /* UIImage+OJAAsset.m */,
				E91FB3721C5B06BA005C7781 /* OJAAssetHeader.h */,
			);
			path = OJAAsset;
			sourceTree = "<group>";
		};
/* End PBXGroup section */

/* Begin PBXNativeTarget section */
		E91FB34D1C5B050F005C7781 /* OJAAssetDemo */ = {
			isa = PBXNativeTarget;
			buildConfigurationList = E91FB3651C5B050F005C7781 /* Build configuration list for PBXNativeTarget "OJAAssetDemo" */;
			buildPhases = (
				E91FB34A1C5B050F005C7781 /* Sources */,
				E91FB34B1C5B050F005C7781 /* Frameworks */,
				E91FB34C1C5B050F005C7781 /* Resources */,
			);
			buildRules = (
			);
			dependencies = (
			);
			name = OJAAssetDemo;
			productName = OJAAssetDemo;
			productReference = E91FB34E1C5B050F005C7781 /* OJAAssetDemo.app */;
			productType = "com.apple.product-type.application";
		};
/* End PBXNativeTarget section */

/* Begin PBXProject section */
		E91FB3461C5B050F005C7781 /* Project object */ = {
			isa = PBXProject;
			attributes = {
				LastUpgradeCheck = 0720;
				ORGANIZATIONNAME = lerosua;
				TargetAttributes = {
					E91FB34D1C5B050F005C7781 = {
						CreatedOnToolsVersion = 7.2;
					};
				};
			};
			buildConfigurationList = E91FB3491C5B050F005C7781 /* Build configuration list for PBXProject "OJAAssetDemo" */;
			compatibilityVersion = "Xcode 3.2";
			developmentRegion = English;
			hasScannedForEncodings = 0;
			knownRegions = (
				en,
				Base,
			);
			mainGroup = E91FB3451C5B050F005C7781;
			productRefGroup = E91FB34F1C5B050F005C7781 /* Products */;
			projectDirPath = "";
			projectRoot = "";
			targets = (
				E91FB34D1C5B050F005C7781 /* OJAAssetDemo */,
			);
		};
/* End PBXProject section */

/* Begin PBXResourcesBuildPhase section */
		E91FB34C1C5B050F005C7781 /* Resources */ = {
			isa = PBXResourcesBuildPhase;
			buildActionMask = 2147483647;
			files = (
				E91FB3611C5B050F005C7781 /* LaunchScreen.storyboard in Resources */,
				E91FB35E1C5B050F005C7781 /* Assets.xcassets in Resources */,
				E91FB35C1C5B050F005C7781 /* Main.storyboard in Resources */,
			);
			runOnlyForDeploymentPostprocessing = 0;
		};
/* End PBXResourcesBuildPhase section */

/* Begin PBXSourcesBuildPhase section */
		E91FB34A1C5B050F005C7781 /* Sources */ = {
			isa = PBXSourcesBuildPhase;
			buildActionMask = 2147483647;
			files = (
				E91FB3591C5B050F005C7781 /* ViewController.m in Sources */,
				E91FB3701C5B0542005C7781 /* OJAAssetsGroup.m in Sources */,
				E91FB3561C5B050F005C7781 /* AppDelegate.m in Sources */,
				E91FB3531C5B050F005C7781 /* main.m in Sources */,
				E91FB3751C5B07B5005C7781 /* UIImage+OJAAsset.m in Sources */,
				E91FB36F1C5B0542005C7781 /* OJAAsset.m in Sources */,
				E91FB3711C5B0542005C7781 /* OJAPhotosLibrary.m in Sources */,
			);
			runOnlyForDeploymentPostprocessing = 0;
		};
/* End PBXSourcesBuildPhase section */

/* Begin PBXVariantGroup section */
		E91FB35A1C5B050F005C7781 /* Main.storyboard */ = {
			isa = PBXVariantGroup;
			children = (
				E91FB35B1C5B050F005C7781 /* Base */,
			);
			name = Main.storyboard;
			sourceTree = "<group>";
		};
		E91FB35F1C5B050F005C7781 /* LaunchScreen.storyboard */ = {
			isa = PBXVariantGroup;
			children = (
				E91FB3601C5B050F005C7781 /* Base */,
			);
			name = LaunchScreen.storyboard;
			sourceTree = "<group>";
		};
/* End PBXVariantGroup section */

/* Begin XCBuildConfiguration section */
		E91FB3631C5B050F005C7781 /* Debug */ = {
			isa = XCBuildConfiguration;
			buildSettings = {
				ALWAYS_SEARCH_USER_PATHS = NO;
				CLANG_CXX_LANGUAGE_STANDARD = "gnu++0x";
				CLANG_CXX_LIBRARY = "libc++";
				CLANG_ENABLE_MODULES = YES;
				CLANG_ENABLE_OBJC_ARC = YES;
				CLANG_WARN_BOOL_CONVERSION = YES;
				CLANG_WARN_CONSTANT_CONVERSION = YES;
				CLANG_WARN_DIRECT_OBJC_ISA_USAGE = YES_ERROR;
				CLANG_WARN_EMPTY_BODY = YES;
				CLANG_WARN_ENUM_CONVERSION = YES;
				CLANG_WARN_INT_CONVERSION = YES;
				CLANG_WARN_OBJC_ROOT_CLASS = YES_ERROR;
				CLANG_WARN_UNREACHABLE_CODE = YES;
				CLANG_WARN__DUPLICATE_METHOD_MATCH = YES;
				"CODE_SIGN_IDENTITY[sdk=iphoneos*]" = "iPhone Developer";
				COPY_PHASE_STRIP = NO;
				DEBUG_INFORMATION_FORMAT = dwarf;
				ENABLE_STRICT_OBJC_MSGSEND = YES;
				ENABLE_TESTABILITY = YES;
				GCC_C_LANGUAGE_STANDARD = gnu99;
				GCC_DYNAMIC_NO_PIC = NO;
				GCC_NO_COMMON_BLOCKS = YES;
				GCC_OPTIMIZATION_LEVEL = 0;
				GCC_PREPROCESSOR_DEFINITIONS = (
					"DEBUG=1",
					"$(inherited)",
				);
				GCC_WARN_64_TO_32_BIT_CONVERSION = YES;
				GCC_WARN_ABOUT_RETURN_TYPE = YES_ERROR;
				GCC_WARN_UNDECLARED_SELECTOR = YES;
				GCC_WARN_UNINITIALIZED_AUTOS = YES_AGGRESSIVE;
				GCC_WARN_UNUSED_FUNCTION = YES;
				GCC_WARN_UNUSED_VARIABLE = YES;
				IPHONEOS_DEPLOYMENT_TARGET = 9.2;
				MTL_ENABLE_DEBUG_INFO = YES;
				ONLY_ACTIVE_ARCH = YES;
				SDKROOT = iphoneos;
			};
			name = Debug;
		};
		E91FB3641C5B050F005C7781 /* Release */ = {
			isa = XCBuildConfiguration;
			buildSettings = {
				ALWAYS_SEARCH_USER_PATHS = NO;
				CLANG_CXX_LANGUAGE_STANDARD = "gnu++0x";
				CLANG_CXX_LIBRARY = "libc++";
				CLANG_ENABLE_MODULES = YES;
				CLANG_ENABLE_OBJC_ARC = YES;
				CLANG_WARN_BOOL_CONVERSION = YES;
				CLANG_WARN_CONSTANT_CONVERSION = YES;
				CLANG_WARN_DIRECT_OBJC_ISA_USAGE = YES_ERROR;
				CLANG_WARN_EMPTY_BODY = YES;
				CLANG_WARN_ENUM_CONVERSION = YES;
				CLANG_WARN_INT_CONVERSION = YES;
				CLANG_WARN_OBJC_ROOT_CLASS = YES_ERROR;
				CLANG_WARN_UNREACHABLE_CODE = YES;
				CLANG_WARN__DUPLICATE_METHOD_MATCH = YES;
				"CODE_SIGN_IDENTITY[sdk=iphoneos*]" = "iPhone Developer";
				COPY_PHASE_STRIP = NO;
				DEBUG_INFORMATION_FORMAT = "dwarf-with-dsym";
				ENABLE_NS_ASSERTIONS = NO;
				ENABLE_STRICT_OBJC_MSGSEND = YES;
				GCC_C_LANGUAGE_STANDARD = gnu99;
				GCC_NO_COMMON_BLOCKS = YES;
				GCC_WARN_64_TO_32_BIT_CONVERSION = YES;
				GCC_WARN_ABOUT_RETURN_TYPE = YES_ERROR;
				GCC_WARN_UNDECLARED_SELECTOR = YES;
				GCC_WARN_UNINITIALIZED_AUTOS = YES_AGGRESSIVE;
				GCC_WARN_UNUSED_FUNCTION = YES;
				GCC_WARN_UNUSED_VARIABLE = YES;
				IPHONEOS_DEPLOYMENT_TARGET = 9.2;
				MTL_ENABLE_DEBUG_INFO = NO;
				SDKROOT = iphoneos;
				VALIDATE_PRODUCT = YES;
			};
			name = Release;
		};
		E91FB3661C5B050F005C7781 /* Debug */ = {
			isa = XCBuildConfiguration;
			buildSettings = {
				ASSETCATALOG_COMPILER_APPICON_NAME = AppIcon;
				INFOPLIST_FILE = OJAAssetDemo/Info.plist;
				LD_RUNPATH_SEARCH_PATHS = "$(inherited) @executable_path/Frameworks";
				PRODUCT_BUNDLE_IDENTIFIER = oneteam.OJAAssetDemo;
				PRODUCT_NAME = "$(TARGET_NAME)";
			};
			name = Debug;
		};
		E91FB3671C5B050F005C7781 /* Release */ = {
			isa = XCBuildConfiguration;
			buildSettings = {
				ASSETCATALOG_COMPILER_APPICON_NAME = AppIcon;
				INFOPLIST_FILE = OJAAssetDemo/Info.plist;
				LD_RUNPATH_SEARCH_PATHS = "$(inherited) @executable_path/Frameworks";
				PRODUCT_BUNDLE_IDENTIFIER = oneteam.OJAAssetDemo;
				PRODUCT_NAME = "$(TARGET_NAME)";
			};
			name = Release;
		};
/* End XCBuildConfiguration section */

/* Begin XCConfigurationList section */
		E91FB3491C5B050F005C7781 /* Build configuration list for PBXProject "OJAAssetDemo" */ = {
			isa = XCConfigurationList;
			buildConfigurations = (
				E91FB3631C5B050F005C7781 /* Debug */,
				E91FB3641C5B050F005C7781 /* Release */,
			);
			defaultConfigurationIsVisible = 0;
			defaultConfigurationName = Release;
		};
		E91FB3651C5B050F005C7781 /* Build configuration list for PBXNativeTarget "OJAAssetDemo" */ = {
			isa = XCConfigurationList;
			buildConfigurations = (
				E91FB3661C5B050F005C7781 /* Debug */,
				E91FB3671C5B050F005C7781 /* Release */,
			);
			defaultConfigurationIsVisible = 0;
		};
/* End XCConfigurationList section */
	};
	rootObject = E91FB3461C5B050F005C7781 /* Project object */;
}
